schema: '2.0'
stages:
  preprocess:
    cmd: python preprocess.py
    deps:
    - path: data/dataset_v1.csv
      hash: md5
      md5: fa9fe4cf24f70b69ac65fb33062ddf34
      size: 1915795
    - path: params.yaml
      hash: md5
      md5: 938a9dca5772d69f50dbc26b7ee35ba4
      size: 1003
    - path: preprocess.py
      hash: md5
      md5: a25ce0f2e5fd88e31f1c84b8100d7083
      size: 2964
    outs:
    - path: data/processed/processed.parquet
      hash: md5
      md5: e82893c7be2fd14da407df2950d17ed2
      size: 811876
    - path: data/splits/X_test.parquet
      hash: md5
      md5: 741988a4d5cdf84b4068f94dafba1758
      size: 223345
    - path: data/splits/X_train.parquet
      hash: md5
      md5: 1a1af1b471c9bdb3bd37f7d16ae6e9bf
      size: 772518
    - path: data/splits/y_test.parquet
      hash: md5
      md5: 3296c791592ba8099cf7a002a1117782
      size: 41591
    - path: data/splits/y_train.parquet
      hash: md5
      md5: 8b9a5aa1a3c6adef88e271f4d0735956
      size: 140845
  train:
    cmd: python train.py
    deps:
    - path: data/splits/X_train.parquet
      hash: md5
      md5: 1a1af1b471c9bdb3bd37f7d16ae6e9bf
      size: 772518
    - path: data/splits/y_train.parquet
      hash: md5
      md5: 8b9a5aa1a3c6adef88e271f4d0735956
      size: 140845
    - path: params.yaml
      hash: md5
      md5: 938a9dca5772d69f50dbc26b7ee35ba4
      size: 1003
    - path: train.py
      hash: md5
      md5: 7b39ae3521afbec2a3ebb7674c091003
      size: 2606
    outs:
    - path: artifacts/metrics_by_model.json
      hash: md5
      md5: 125d09738f27ae270487c39ff694695a
      size: 731
    - path: models/best_model.joblib
      hash: md5
      md5: 67b1eb9bfdb431daf6d36cf97c68923f
      size: 394606
  evaluate:
    cmd: python evaluate.py
    deps:
    - path: data/splits/X_test.parquet
      hash: md5
      md5: 741988a4d5cdf84b4068f94dafba1758
      size: 223345
    - path: data/splits/y_test.parquet
      hash: md5
      md5: 3296c791592ba8099cf7a002a1117782
      size: 41591
    - path: evaluate.py
      hash: md5
      md5: d5cfe889c2ff527c064ea3d7e4e30534
      size: 1052
    - path: models/best_model.joblib
      hash: md5
      md5: 67b1eb9bfdb431daf6d36cf97c68923f
      size: 394606
    - path: params.yaml
      hash: md5
      md5: 938a9dca5772d69f50dbc26b7ee35ba4
      size: 1003
    outs:
    - path: artifacts/metrics.json
      hash: md5
      md5: 31d8850637be57842d9c73475ac48184
      size: 94
    - path: artifacts/preds.csv
      hash: md5
      md5: 546da5cbddb899a6fbb55966f6666552
      size: 105533
